
Microsoft Visual Studio Solution File, Format Version 12.00
# Visual Studio Version 17
VisualStudioVersion = 17.2.32602.215
MinimumVisualStudioVersion = 10.0.40219.1
Project("{FAE04EC0-301F-11D3-BF4B-00C04F79EFBC}") = "3x+1", "3x+1\3x+1.csproj", "{B7A14E20-63ED-4D06-BD10-08D6DCBFCBE9}"
EndProject
Global
	GlobalSection(SolutionConfigurationPlatforms) = preSolution
		Debug|Any CPU = Debug|Any CPU
		Release|Any CPU = Release|Any CPU
	EndGlobalSection
	GlobalSection(ProjectConfigurationPlatforms) = postSolution
		{B7A14E20-63ED-4D06-BD10-08D6DCBFCBE9}.Debug|Any CPU.ActiveCfg = Debug|Any CPU
		{B7A14E20-63ED-4D06-BD10-08D6DCBFCBE9}.Debug|Any CPU.Build.0 = Debug|Any CPU
		{B7A14E20-63ED-4D06-BD10-08D6DCBFCBE9}.Release|Any CPU.ActiveCfg = Release|Any CPU
		{B7A14E20-63ED-4D06-BD10-08D6DCBFCBE9}.Release|Any CPU.Build.0 = Release|Any CPU
	EndGlobalSection
	GlobalSection(SolutionProperties) = preSolution
		HideSolutionNode = FALSE
	EndGlobalSection
	GlobalSection(ExtensibilityGlobals) = postSolution
		SolutionGuid = {4C688556-44BE-4866-BA7B-E4431F3297EA}
	EndGlobalSection
EndGlobal
